
Microsoft Visual Studio Solution File, Format Version 12.00
# Visual Studio Version 17
VisualStudioVersion = 17.0.32014.148
MinimumVisualStudioVersion = 10.0.40219.1
Project("{FAE04EC0-301F-11D3-BF4B-00C04F79EFBC}") = "Student Manegement", "Student Manegement\Student Manegement.csproj", "{A1C7FA78-1B3B-4E7A-B491-238197FE42D2}"
EndProject
Global
	GlobalSection(SolutionConfigurationPlatforms) = preSolution
		Debug|Any CPU = Debug|Any CPU
		Release|Any CPU = Release|Any CPU
	EndGlobalSection
	GlobalSection(ProjectConfigurationPlatforms) = postSolution
		{A1C7FA78-1B3B-4E7A-B491-238197FE42D2}.Debug|Any CPU.ActiveCfg = Debug|Any CPU
		{A1C7FA78-1B3B-4E7A-B491-238197FE42D2}.Debug|Any CPU.Build.0 = Debug|Any CPU
		{A1C7FA78-1B3B-4E7A-B491-238197FE42D2}.Release|Any CPU.ActiveCfg = Release|Any CPU
		{A1C7FA78-1B3B-4E7A-B491-238197FE42D2}.Release|Any CPU.Build.0 = Release|Any CPU
	EndGlobalSection
	GlobalSection(SolutionProperties) = preSolution
		HideSolutionNode = FALSE
	EndGlobalSection
	GlobalSection(ExtensibilityGlobals) = postSolution
		SolutionGuid = {F395825D-FFBC-4E72-8005-A05D3FFC64D2}
	EndGlobalSection
EndGlobal
